// !$*UTF8*$!
{
	archiveVersion = 1;
	classes = {
	};
	objectVersion = 46;
	objects = {

/* Begin PBXBuildFile section */
		8F044A711EF0E10900239316 /* SongInfo+CoreDataClass.swift in Sources */ = {isa = PBXBuildFile; fileRef = 8F044A6F1EF0E10900239316 /* SongInfo+CoreDataClass.swift */; };
		8F044A721EF0E10900239316 /* SongInfo+CoreDataProperties.swift in Sources */ = {isa = PBXBuildFile; fileRef = 8F044A701EF0E10900239316 /* SongInfo+CoreDataProperties.swift */; };
		8F6F77F21EE9B24700792D86 /* SongCell.swift in Sources */ = {isa = PBXBuildFile; fileRef = 8F6F77F11EE9B24700792D86 /* SongCell.swift */; };
		8F7111141EDC7C4E0017FE98 /* SongInfo+AHFM.swift in Sources */ = {isa = PBXBuildFile; fileRef = 8F7111131EDC7C4E0017FE98 /* SongInfo+AHFM.swift */; };
		8F7111161EDC9C250017FE98 /* Favorites.storyboard in Resources */ = {isa = PBXBuildFile; fileRef = 8F7111151EDC9C250017FE98 /* Favorites.storyboard */; };
		8F7111181EDC9CC00017FE98 /* FavoritesTableViewController.swift in Sources */ = {isa = PBXBuildFile; fileRef = 8F7111171EDC9CC00017FE98 /* FavoritesTableViewController.swift */; };
		8FB769B11ED47DC4004BF989 /* AppDelegate.swift in Sources */ = {isa = PBXBuildFile; fileRef = 8FB769B01ED47DC4004BF989 /* AppDelegate.swift */; };
		8FB769B31ED47DC4004BF989 /* StreamViewController.swift in Sources */ = {isa = PBXBuildFile; fileRef = 8FB769B21ED47DC4004BF989 /* StreamViewController.swift */; };
		8FB769B61ED47DC4004BF989 /* Main.storyboard in Resources */ = {isa = PBXBuildFile; fileRef = 8FB769B41ED47DC4004BF989 /* Main.storyboard */; };
		8FB769B91ED47DC4004BF989 /* AHFM.xcdatamodeld in Sources */ = {isa = PBXBuildFile; fileRef = 8FB769B71ED47DC4004BF989 /* AHFM.xcdatamodeld */; };
		8FB769BB1ED47DC4004BF989 /* Assets.xcassets in Resources */ = {isa = PBXBuildFile; fileRef = 8FB769BA1ED47DC4004BF989 /* Assets.xcassets */; };
		8FB769BE1ED47DC4004BF989 /* LaunchScreen.storyboard in Resources */ = {isa = PBXBuildFile; fileRef = 8FB769BC1ED47DC4004BF989 /* LaunchScreen.storyboard */; };
		8FB769C91ED47DC4004BF989 /* AHFMTests.swift in Sources */ = {isa = PBXBuildFile; fileRef = 8FB769C81ED47DC4004BF989 /* AHFMTests.swift */; };
		8FB769D41ED47DC4004BF989 /* AHFMUITests.swift in Sources */ = {isa = PBXBuildFile; fileRef = 8FB769D31ED47DC4004BF989 /* AHFMUITests.swift */; };
		8FB769E41ED4A9DC004BF989 /* CalendarAHFM.storyboard in Resources */ = {isa = PBXBuildFile; fileRef = 8FB769E31ED4A9DC004BF989 /* CalendarAHFM.storyboard */; };
		8FB769E61ED4AA91004BF989 /* CalendarViewController.swift in Sources */ = {isa = PBXBuildFile; fileRef = 8FB769E51ED4AA91004BF989 /* CalendarViewController.swift */; };
		8FBBA7D41EDF46AC00A5E59B /* FSCalendar.m in Sources */ = {isa = PBXBuildFile; fileRef = 8FBBA7B41EDF46AC00A5E59B /* FSCalendar.m */; };
		8FBBA7D51EDF46AC00A5E59B /* FSCalendar+Deprecated.m in Sources */ = {isa = PBXBuildFile; fileRef = 8FBBA7B51EDF46AC00A5E59B /* FSCalendar+Deprecated.m */; };
		8FBBA7D61EDF46AC00A5E59B /* FSCalendarAppearance.m in Sources */ = {isa = PBXBuildFile; fileRef = 8FBBA7B71EDF46AC00A5E59B /* FSCalendarAppearance.m */; };
		8FBBA7D71EDF46AC00A5E59B /* FSCalendarCalculator.m in Sources */ = {isa = PBXBuildFile; fileRef = 8FBBA7B91EDF46AC00A5E59B /* FSCalendarCalculator.m */; };
		8FBBA7D81EDF46AC00A5E59B /* FSCalendarCell.m in Sources */ = {isa = PBXBuildFile; fileRef = 8FBBA7BB1EDF46AC00A5E59B /* FSCalendarCell.m */; };
		8FBBA7D91EDF46AC00A5E59B /* FSCalendarCollectionView.m in Sources */ = {isa = PBXBuildFile; fileRef = 8FBBA7BD1EDF46AC00A5E59B /* FSCalendarCollectionView.m */; };
		8FBBA7DA1EDF46AC00A5E59B /* FSCalendarCollectionViewLayout.m in Sources */ = {isa = PBXBuildFile; fileRef = 8FBBA7BF1EDF46AC00A5E59B /* FSCalendarCollectionViewLayout.m */; };
		8FBBA7DB1EDF46AC00A5E59B /* FSCalendarConstants.m in Sources */ = {isa = PBXBuildFile; fileRef = 8FBBA7C11EDF46AC00A5E59B /* FSCalendarConstants.m */; };
		8FBBA7DC1EDF46AC00A5E59B /* FSCalendarDelegationFactory.m in Sources */ = {isa = PBXBuildFile; fileRef = 8FBBA7C31EDF46AC00A5E59B /* FSCalendarDelegationFactory.m */; };
		8FBBA7DD1EDF46AC00A5E59B /* FSCalendarDelegationProxy.m in Sources */ = {isa = PBXBuildFile; fileRef = 8FBBA7C51EDF46AC00A5E59B /* FSCalendarDelegationProxy.m */; };
		8FBBA7DE1EDF46AC00A5E59B /* FSCalendarExtensions.m in Sources */ = {isa = PBXBuildFile; fileRef = 8FBBA7C81EDF46AC00A5E59B /* FSCalendarExtensions.m */; };
		8FBBA7DF1EDF46AC00A5E59B /* FSCalendarHeaderView.m in Sources */ = {isa = PBXBuildFile; fileRef = 8FBBA7CA1EDF46AC00A5E59B /* FSCalendarHeaderView.m */; };
		8FBBA7E01EDF46AC00A5E59B /* FSCalendarScopeHandle.m in Sources */ = {isa = PBXBuildFile; fileRef = 8FBBA7CC1EDF46AC00A5E59B /* FSCalendarScopeHandle.m */; };
		8FBBA7E11EDF46AC00A5E59B /* FSCalendarStickyHeader.m in Sources */ = {isa = PBXBuildFile; fileRef = 8FBBA7CE1EDF46AC00A5E59B /* FSCalendarStickyHeader.m */; };
		8FBBA7E21EDF46AC00A5E59B /* FSCalendarTransitionCoordinator.m in Sources */ = {isa = PBXBuildFile; fileRef = 8FBBA7D01EDF46AC00A5E59B /* FSCalendarTransitionCoordinator.m */; };
		8FBBA7E31EDF46AC00A5E59B /* FSCalendarWeekdayView.m in Sources */ = {isa = PBXBuildFile; fileRef = 8FBBA7D21EDF46AC00A5E59B /* FSCalendarWeekdayView.m */; };
		8FBBA7E41EDF46AC00A5E59B /* Info.plist in Resources */ = {isa = PBXBuildFile; fileRef = 8FBBA7D31EDF46AC00A5E59B /* Info.plist */; };
		8FEDC7EB1EF0589800739784 /* Parser.swift in Sources */ = {isa = PBXBuildFile; fileRef = 8FEDC7EA1EF0589800739784 /* Parser.swift */; };
		8FF6A9E81EDDF0F500BAC6EC /* CoreDataStack.swift in Sources */ = {isa = PBXBuildFile; fileRef = 8FF6A9E71EDDF0F500BAC6EC /* CoreDataStack.swift */; };
/* End PBXBuildFile section */

/* Begin PBXContainerItemProxy section */
		8FB769C51ED47DC4004BF989 /* PBXContainerItemProxy */ = {
			isa = PBXContainerItemProxy;
			containerPortal = 8FB769A51ED47DC4004BF989 /* Project object */;
			proxyType = 1;
			remoteGlobalIDString = 8FB769AC1ED47DC4004BF989;
			remoteInfo = AHFM;
		};
		8FB769D01ED47DC4004BF989 /* PBXContainerItemProxy */ = {
			isa = PBXContainerItemProxy;
			containerPortal = 8FB769A51ED47DC4004BF989 /* Project object */;
			proxyType = 1;
			remoteGlobalIDString = 8FB769AC1ED47DC4004BF989;
			remoteInfo = AHFM;
		};
/* End PBXContainerItemProxy section */

/* Begin PBXFileReference section */
		8F044A6F1EF0E10900239316 /* SongInfo+CoreDataClass.swift */ = {isa = PBXFileReference; fileEncoding = 4; lastKnownFileType = sourcecode.swift; path = "SongInfo+CoreDataClass.swift"; sourceTree = "<group>"; };
		8F044A701EF0E10900239316 /* SongInfo+CoreDataProperties.swift */ = {isa = PBXFileReference; fileEncoding = 4; lastKnownFileType = sourcecode.swift; path = "SongInfo+CoreDataProperties.swift"; sourceTree = "<group>"; };
		8F6F77F11EE9B24700792D86 /* SongCell.swift */ = {isa = PBXFileReference; fileEncoding = 4; lastKnownFileType = sourcecode.swift; path = SongCell.swift; sourceTree = "<group>"; };
		8F7111131EDC7C4E0017FE98 /* SongInfo+AHFM.swift */ = {isa = PBXFileReference; fileEncoding = 4; lastKnownFileType = sourcecode.swift; name = "SongInfo+AHFM.swift"; path = "AHFM/SongInfo+AHFM.swift"; sourceTree = "<group>"; };
		8F7111151EDC9C250017FE98 /* Favorites.storyboard */ = {isa = PBXFileReference; fileEncoding = 4; lastKnownFileType = file.storyboard; path = Favorites.storyboard; sourceTree = "<group>"; };
		8F7111171EDC9CC00017FE98 /* FavoritesTableViewController.swift */ = {isa = PBXFileReference; fileEncoding = 4; lastKnownFileType = sourcecode.swift; path = FavoritesTableViewController.swift; sourceTree = "<group>"; };
		8FB769AD1ED47DC4004BF989 /* AHFM.app */ = {isa = PBXFileReference; explicitFileType = wrapper.application; includeInIndex = 0; path = AHFM.app; sourceTree = BUILT_PRODUCTS_DIR; };
		8FB769B01ED47DC4004BF989 /* AppDelegate.swift */ = {isa = PBXFileReference; lastKnownFileType = sourcecode.swift; path = AppDelegate.swift; sourceTree = "<group>"; };
		8FB769B21ED47DC4004BF989 /* StreamViewController.swift */ = {isa = PBXFileReference; lastKnownFileType = sourcecode.swift; path = StreamViewController.swift; sourceTree = "<group>"; };
		8FB769B51ED47DC4004BF989 /* Base */ = {isa = PBXFileReference; lastKnownFileType = file.storyboard; name = Base; path = Base.lproj/Main.storyboard; sourceTree = "<group>"; };
		8FB769B81ED47DC4004BF989 /* AHFM.xcdatamodel */ = {isa = PBXFileReference; lastKnownFileType = wrapper.xcdatamodel; path = AHFM.xcdatamodel; sourceTree = "<group>"; };
		8FB769BA1ED47DC4004BF989 /* Assets.xcassets */ = {isa = PBXFileReference; lastKnownFileType = folder.assetcatalog; path = Assets.xcassets; sourceTree = "<group>"; };
		8FB769BD1ED47DC4004BF989 /* Base */ = {isa = PBXFileReference; lastKnownFileType = file.storyboard; name = Base; path = Base.lproj/LaunchScreen.storyboard; sourceTree = "<group>"; };
		8FB769BF1ED47DC4004BF989 /* Info.plist */ = {isa = PBXFileReference; lastKnownFileType = text.plist.xml; path = Info.plist; sourceTree = "<group>"; };
		8FB769C41ED47DC4004BF989 /* AHFMTests.xctest */ = {isa = PBXFileReference; explicitFileType = wrapper.cfbundle; includeInIndex = 0; path = AHFMTests.xctest; sourceTree = BUILT_PRODUCTS_DIR; };
		8FB769C81ED47DC4004BF989 /* AHFMTests.swift */ = {isa = PBXFileReference; lastKnownFileType = sourcecode.swift; path = AHFMTests.swift; sourceTree = "<group>"; };
		8FB769CA1ED47DC4004BF989 /* Info.plist */ = {isa = PBXFileReference; lastKnownFileType = text.plist.xml; path = Info.plist; sourceTree = "<group>"; };
		8FB769CF1ED47DC4004BF989 /* AHFMUITests.xctest */ = {isa = PBXFileReference; explicitFileType = wrapper.cfbundle; includeInIndex = 0; path = AHFMUITests.xctest; sourceTree = BUILT_PRODUCTS_DIR; };
		8FB769D31ED47DC4004BF989 /* AHFMUITests.swift */ = {isa = PBXFileReference; lastKnownFileType = sourcecode.swift; path = AHFMUITests.swift; sourceTree = "<group>"; };
		8FB769D51ED47DC4004BF989 /* Info.plist */ = {isa = PBXFileReference; lastKnownFileType = text.plist.xml; path = Info.plist; sourceTree = "<group>"; };
		8FB769E31ED4A9DC004BF989 /* CalendarAHFM.storyboard */ = {isa = PBXFileReference; fileEncoding = 4; lastKnownFileType = file.storyboard; path = CalendarAHFM.storyboard; sourceTree = "<group>"; };
		8FB769E51ED4AA91004BF989 /* CalendarViewController.swift */ = {isa = PBXFileReference; fileEncoding = 4; lastKnownFileType = sourcecode.swift; path = CalendarViewController.swift; sourceTree = "<group>"; };
		8FBBA7B21EDF46AB00A5E59B /* AHFM-Bridging-Header.h */ = {isa = PBXFileReference; lastKnownFileType = sourcecode.c.h; path = "AHFM-Bridging-Header.h"; sourceTree = "<group>"; };
		8FBBA7B31EDF46AC00A5E59B /* FSCalendar.h */ = {isa = PBXFileReference; fileEncoding = 4; lastKnownFileType = sourcecode.c.h; path = FSCalendar.h; sourceTree = SOURCE_ROOT; };
		8FBBA7B41EDF46AC00A5E59B /* FSCalendar.m */ = {isa = PBXFileReference; fileEncoding = 4; lastKnownFileType = sourcecode.c.objc; path = FSCalendar.m; sourceTree = SOURCE_ROOT; };
		8FBBA7B51EDF46AC00A5E59B /* FSCalendar+Deprecated.m */ = {isa = PBXFileReference; fileEncoding = 4; lastKnownFileType = sourcecode.c.objc; path = "FSCalendar+Deprecated.m"; sourceTree = SOURCE_ROOT; };
		8FBBA7B61EDF46AC00A5E59B /* FSCalendarAppearance.h */ = {isa = PBXFileReference; fileEncoding = 4; lastKnownFileType = sourcecode.c.h; path = FSCalendarAppearance.h; sourceTree = SOURCE_ROOT; };
		8FBBA7B71EDF46AC00A5E59B /* FSCalendarAppearance.m */ = {isa = PBXFileReference; fileEncoding = 4; lastKnownFileType = sourcecode.c.objc; path = FSCalendarAppearance.m; sourceTree = SOURCE_ROOT; };
		8FBBA7B81EDF46AC00A5E59B /* FSCalendarCalculator.h */ = {isa = PBXFileReference; fileEncoding = 4; lastKnownFileType = sourcecode.c.h; path = FSCalendarCalculator.h; sourceTree = SOURCE_ROOT; };
		8FBBA7B91EDF46AC00A5E59B /* FSCalendarCalculator.m */ = {isa = PBXFileReference; fileEncoding = 4; lastKnownFileType = sourcecode.c.objc; path = FSCalendarCalculator.m; sourceTree = SOURCE_ROOT; };
		8FBBA7BA1EDF46AC00A5E59B /* FSCalendarCell.h */ = {isa = PBXFileReference; fileEncoding = 4; lastKnownFileType = sourcecode.c.h; path = FSCalendarCell.h; sourceTree = SOURCE_ROOT; };
		8FBBA7BB1EDF46AC00A5E59B /* FSCalendarCell.m */ = {isa = PBXFileReference; fileEncoding = 4; lastKnownFileType = sourcecode.c.objc; path = FSCalendarCell.m; sourceTree = SOURCE_ROOT; };
		8FBBA7BC1EDF46AC00A5E59B /* FSCalendarCollectionView.h */ = {isa = PBXFileReference; fileEncoding = 4; lastKnownFileType = sourcecode.c.h; path = FSCalendarCollectionView.h; sourceTree = SOURCE_ROOT; };
		8FBBA7BD1EDF46AC00A5E59B /* FSCalendarCollectionView.m */ = {isa = PBXFileReference; fileEncoding = 4; lastKnownFileType = sourcecode.c.objc; path = FSCalendarCollectionView.m; sourceTree = SOURCE_ROOT; };
		8FBBA7BE1EDF46AC00A5E59B /* FSCalendarCollectionViewLayout.h */ = {isa = PBXFileReference; fileEncoding = 4; lastKnownFileType = sourcecode.c.h; path = FSCalendarCollectionViewLayout.h; sourceTree = SOURCE_ROOT; };
		8FBBA7BF1EDF46AC00A5E59B /* FSCalendarCollectionViewLayout.m */ = {isa = PBXFileReference; fileEncoding = 4; lastKnownFileType = sourcecode.c.objc; path = FSCalendarCollectionViewLayout.m; sourceTree = SOURCE_ROOT; };
		8FBBA7C01EDF46AC00A5E59B /* FSCalendarConstants.h */ = {isa = PBXFileReference; fileEncoding = 4; lastKnownFileType = sourcecode.c.h; path = FSCalendarConstants.h; sourceTree = SOURCE_ROOT; };
		8FBBA7C11EDF46AC00A5E59B /* FSCalendarConstants.m */ = {isa = PBXFileReference; fileEncoding = 4; lastKnownFileType = sourcecode.c.objc; path = FSCalendarConstants.m; sourceTree = SOURCE_ROOT; };
		8FBBA7C21EDF46AC00A5E59B /* FSCalendarDelegationFactory.h */ = {isa = PBXFileReference; fileEncoding = 4; lastKnownFileType = sourcecode.c.h; path = FSCalendarDelegationFactory.h; sourceTree = SOURCE_ROOT; };
		8FBBA7C31EDF46AC00A5E59B /* FSCalendarDelegationFactory.m */ = {isa = PBXFileReference; fileEncoding = 4; lastKnownFileType = sourcecode.c.objc; path = FSCalendarDelegationFactory.m; sourceTree = SOURCE_ROOT; };
		8FBBA7C41EDF46AC00A5E59B /* FSCalendarDelegationProxy.h */ = {isa = PBXFileReference; fileEncoding = 4; lastKnownFileType = sourcecode.c.h; path = FSCalendarDelegationProxy.h; sourceTree = SOURCE_ROOT; };
		8FBBA7C51EDF46AC00A5E59B /* FSCalendarDelegationProxy.m */ = {isa = PBXFileReference; fileEncoding = 4; lastKnownFileType = sourcecode.c.objc; path = FSCalendarDelegationProxy.m; sourceTree = SOURCE_ROOT; };
		8FBBA7C61EDF46AC00A5E59B /* FSCalendarDynamicHeader.h */ = {isa = PBXFileReference; fileEncoding = 4; lastKnownFileType = sourcecode.c.h; path = FSCalendarDynamicHeader.h; sourceTree = SOURCE_ROOT; };
		8FBBA7C71EDF46AC00A5E59B /* FSCalendarExtensions.h */ = {isa = PBXFileReference; fileEncoding = 4; lastKnownFileType = sourcecode.c.h; path = FSCalendarExtensions.h; sourceTree = SOURCE_ROOT; };
		8FBBA7C81EDF46AC00A5E59B /* FSCalendarExtensions.m */ = {isa = PBXFileReference; fileEncoding = 4; lastKnownFileType = sourcecode.c.objc; path = FSCalendarExtensions.m; sourceTree = SOURCE_ROOT; };
		8FBBA7C91EDF46AC00A5E59B /* FSCalendarHeaderView.h */ = {isa = PBXFileReference; fileEncoding = 4; lastKnownFileType = sourcecode.c.h; path = FSCalendarHeaderView.h; sourceTree = SOURCE_ROOT; };
		8FBBA7CA1EDF46AC00A5E59B /* FSCalendarHeaderView.m */ = {isa = PBXFileReference; fileEncoding = 4; lastKnownFileType = sourcecode.c.objc; path = FSCalendarHeaderView.m; sourceTree = SOURCE_ROOT; };
		8FBBA7CB1EDF46AC00A5E59B /* FSCalendarScopeHandle.h */ = {isa = PBXFileReference; fileEncoding = 4; lastKnownFileType = sourcecode.c.h; path = FSCalendarScopeHandle.h; sourceTree = SOURCE_ROOT; };
		8FBBA7CC1EDF46AC00A5E59B /* FSCalendarScopeHandle.m */ = {isa = PBXFileReference; fileEncoding = 4; lastKnownFileType = sourcecode.c.objc; path = FSCalendarScopeHandle.m; sourceTree = SOURCE_ROOT; };
		8FBBA7CD1EDF46AC00A5E59B /* FSCalendarStickyHeader.h */ = {isa = PBXFileReference; fileEncoding = 4; lastKnownFileType = sourcecode.c.h; path = FSCalendarStickyHeader.h; sourceTree = SOURCE_ROOT; };
		8FBBA7CE1EDF46AC00A5E59B /* FSCalendarStickyHeader.m */ = {isa = PBXFileReference; fileEncoding = 4; lastKnownFileType = sourcecode.c.objc; path = FSCalendarStickyHeader.m; sourceTree = SOURCE_ROOT; };
		8FBBA7CF1EDF46AC00A5E59B /* FSCalendarTransitionCoordinator.h */ = {isa = PBXFileReference; fileEncoding = 4; lastKnownFileType = sourcecode.c.h; path = FSCalendarTransitionCoordinator.h; sourceTree = SOURCE_ROOT; };
		8FBBA7D01EDF46AC00A5E59B /* FSCalendarTransitionCoordinator.m */ = {isa = PBXFileReference; fileEncoding = 4; lastKnownFileType = sourcecode.c.objc; path = FSCalendarTransitionCoordinator.m; sourceTree = SOURCE_ROOT; };
		8FBBA7D11EDF46AC00A5E59B /* FSCalendarWeekdayView.h */ = {isa = PBXFileReference; fileEncoding = 4; lastKnownFileType = sourcecode.c.h; path = FSCalendarWeekdayView.h; sourceTree = SOURCE_ROOT; };
		8FBBA7D21EDF46AC00A5E59B /* FSCalendarWeekdayView.m */ = {isa = PBXFileReference; fileEncoding = 4; lastKnownFileType = sourcecode.c.objc; path = FSCalendarWeekdayView.m; sourceTree = SOURCE_ROOT; };
		8FBBA7D31EDF46AC00A5E59B /* Info.plist */ = {isa = PBXFileReference; fileEncoding = 4; lastKnownFileType = text.plist.xml; path = Info.plist; sourceTree = SOURCE_ROOT; };
		8FEDC7EA1EF0589800739784 /* Parser.swift */ = {isa = PBXFileReference; fileEncoding = 4; lastKnownFileType = sourcecode.swift; path = Parser.swift; sourceTree = "<group>"; };
		8FF6A9E71EDDF0F500BAC6EC /* CoreDataStack.swift */ = {isa = PBXFileReference; fileEncoding = 4; lastKnownFileType = sourcecode.swift; name = CoreDataStack.swift; path = AHFM/CoreDataStack.swift; sourceTree = "<group>"; };
/* End PBXFileReference section */

/* Begin PBXFrameworksBuildPhase section */
		8FB769AA1ED47DC4004BF989 /* Frameworks */ = {
			isa = PBXFrameworksBuildPhase;
			buildActionMask = 2147483647;
			files = (
			);
			runOnlyForDeploymentPostprocessing = 0;
		};
		8FB769C11ED47DC4004BF989 /* Frameworks */ = {
			isa = PBXFrameworksBuildPhase;
			buildActionMask = 2147483647;
			files = (
			);
			runOnlyForDeploymentPostprocessing = 0;
		};
		8FB769CC1ED47DC4004BF989 /* Frameworks */ = {
			isa = PBXFrameworksBuildPhase;
			buildActionMask = 2147483647;
			files = (
			);
			runOnlyForDeploymentPostprocessing = 0;
		};
/* End PBXFrameworksBuildPhase section */

/* Begin PBXGroup section */
		8FB769A41ED47DC4004BF989 = {
			isa = PBXGroup;
			children = (
				8FB769AF1ED47DC4004BF989 /* AHFM */,
				8FB769C71ED47DC4004BF989 /* AHFMTests */,
				8FB769D21ED47DC4004BF989 /* AHFMUITests */,
				8FB769AE1ED47DC4004BF989 /* Products */,
			);
			sourceTree = "<group>";
		};
		8FB769AE1ED47DC4004BF989 /* Products */ = {
			isa = PBXGroup;
			children = (
				8FB769AD1ED47DC4004BF989 /* AHFM.app */,
				8FB769C41ED47DC4004BF989 /* AHFMTests.xctest */,
				8FB769CF1ED47DC4004BF989 /* AHFMUITests.xctest */,
			);
			name = Products;
			sourceTree = "<group>";
		};
		8FB769AF1ED47DC4004BF989 /* AHFM */ = {
			isa = PBXGroup;
			children = (
				8FF6A9EA1EDDF49A00BAC6EC /* Core Data */,
				8FB769B01ED47DC4004BF989 /* AppDelegate.swift */,
				8FEDC7EA1EF0589800739784 /* Parser.swift */,
				8F6F77F11EE9B24700792D86 /* SongCell.swift */,
				8FB769B21ED47DC4004BF989 /* StreamViewController.swift */,
				8FB769E51ED4AA91004BF989 /* CalendarViewController.swift */,
				8F7111171EDC9CC00017FE98 /* FavoritesTableViewController.swift */,
				8FB769B41ED47DC4004BF989 /* Main.storyboard */,
				8F7111151EDC9C250017FE98 /* Favorites.storyboard */,
				8FB769E31ED4A9DC004BF989 /* CalendarAHFM.storyboard */,
				8FB769BC1ED47DC4004BF989 /* LaunchScreen.storyboard */,
				8FB769BA1ED47DC4004BF989 /* Assets.xcassets */,
				8FB769B71ED47DC4004BF989 /* AHFM.xcdatamodeld */,
				8FB769BF1ED47DC4004BF989 /* Info.plist */,
				8FBBA7E51EDF473A00A5E59B /* FSCalendar */,
			);
			path = AHFM;
			sourceTree = "<group>";
		};
		8FB769C71ED47DC4004BF989 /* AHFMTests */ = {
			isa = PBXGroup;
			children = (
				8FB769C81ED47DC4004BF989 /* AHFMTests.swift */,
				8FB769CA1ED47DC4004BF989 /* Info.plist */,
			);
			path = AHFMTests;
			sourceTree = "<group>";
		};
		8FB769D21ED47DC4004BF989 /* AHFMUITests */ = {
			isa = PBXGroup;
			children = (
				8FB769D31ED47DC4004BF989 /* AHFMUITests.swift */,
				8FB769D51ED47DC4004BF989 /* Info.plist */,
			);
			path = AHFMUITests;
			sourceTree = "<group>";
		};
		8FBBA7E51EDF473A00A5E59B /* FSCalendar */ = {
			isa = PBXGroup;
			children = (
				8FBBA7B31EDF46AC00A5E59B /* FSCalendar.h */,
				8FBBA7B41EDF46AC00A5E59B /* FSCalendar.m */,
				8FBBA7B51EDF46AC00A5E59B /* FSCalendar+Deprecated.m */,
				8FBBA7B61EDF46AC00A5E59B /* FSCalendarAppearance.h */,
				8FBBA7B71EDF46AC00A5E59B /* FSCalendarAppearance.m */,
				8FBBA7B81EDF46AC00A5E59B /* FSCalendarCalculator.h */,
				8FBBA7B91EDF46AC00A5E59B /* FSCalendarCalculator.m */,
				8FBBA7BA1EDF46AC00A5E59B /* FSCalendarCell.h */,
				8FBBA7BB1EDF46AC00A5E59B /* FSCalendarCell.m */,
				8FBBA7BC1EDF46AC00A5E59B /* FSCalendarCollectionView.h */,
				8FBBA7BD1EDF46AC00A5E59B /* FSCalendarCollectionView.m */,
				8FBBA7BE1EDF46AC00A5E59B /* FSCalendarCollectionViewLayout.h */,
				8FBBA7BF1EDF46AC00A5E59B /* FSCalendarCollectionViewLayout.m */,
				8FBBA7C01EDF46AC00A5E59B /* FSCalendarConstants.h */,
				8FBBA7C11EDF46AC00A5E59B /* FSCalendarConstants.m */,
				8FBBA7C21EDF46AC00A5E59B /* FSCalendarDelegationFactory.h */,
				8FBBA7C31EDF46AC00A5E59B /* FSCalendarDelegationFactory.m */,
				8FBBA7C41EDF46AC00A5E59B /* FSCalendarDelegationProxy.h */,
				8FBBA7C51EDF46AC00A5E59B /* FSCalendarDelegationProxy.m */,
				8FBBA7C61EDF46AC00A5E59B /* FSCalendarDynamicHeader.h */,
				8FBBA7C71EDF46AC00A5E59B /* FSCalendarExtensions.h */,
				8FBBA7C81EDF46AC00A5E59B /* FSCalendarExtensions.m */,
				8FBBA7C91EDF46AC00A5E59B /* FSCalendarHeaderView.h */,
				8FBBA7CA1EDF46AC00A5E59B /* FSCalendarHeaderView.m */,
				8FBBA7CB1EDF46AC00A5E59B /* FSCalendarScopeHandle.h */,
				8FBBA7CC1EDF46AC00A5E59B /* FSCalendarScopeHandle.m */,
				8FBBA7CD1EDF46AC00A5E59B /* FSCalendarStickyHeader.h */,
				8FBBA7CE1EDF46AC00A5E59B /* FSCalendarStickyHeader.m */,
				8FBBA7CF1EDF46AC00A5E59B /* FSCalendarTransitionCoordinator.h */,
				8FBBA7D01EDF46AC00A5E59B /* FSCalendarTransitionCoordinator.m */,
				8FBBA7D11EDF46AC00A5E59B /* FSCalendarWeekdayView.h */,
				8FBBA7D21EDF46AC00A5E59B /* FSCalendarWeekdayView.m */,
				8FBBA7D31EDF46AC00A5E59B /* Info.plist */,
				8FBBA7B21EDF46AB00A5E59B /* AHFM-Bridging-Header.h */,
			);
			name = FSCalendar;
			sourceTree = "<group>";
		};
		8FF6A9E91EDDF48F00BAC6EC /* Autogenerated */ = {
			isa = PBXGroup;
			children = (
				8F044A6F1EF0E10900239316 /* SongInfo+CoreDataClass.swift */,
				8F044A701EF0E10900239316 /* SongInfo+CoreDataProperties.swift */,
			);
			name = Autogenerated;
			sourceTree = "<group>";
		};
		8FF6A9EA1EDDF49A00BAC6EC /* Core Data */ = {
			isa = PBXGroup;
			children = (
				8FF6A9E91EDDF48F00BAC6EC /* Autogenerated */,
				8FF6A9E71EDDF0F500BAC6EC /* CoreDataStack.swift */,
				8F7111131EDC7C4E0017FE98 /* SongInfo+AHFM.swift */,
			);
			name = "Core Data";
			path = ..;
			sourceTree = "<group>";
		};
/* End PBXGroup section */

/* Begin PBXNativeTarget section */
		8FB769AC1ED47DC4004BF989 /* AHFM */ = {
			isa = PBXNativeTarget;
			buildConfigurationList = 8FB769D81ED47DC5004BF989 /* Build configuration list for PBXNativeTarget "AHFM" */;
			buildPhases = (
				8FB769A91ED47DC4004BF989 /* Sources */,
				8FB769AA1ED47DC4004BF989 /* Frameworks */,
				8FB769AB1ED47DC4004BF989 /* Resources */,
			);
			buildRules = (
			);
			dependencies = (
			);
			name = AHFM;
			productName = AHFM;
			productReference = 8FB769AD1ED47DC4004BF989 /* AHFM.app */;
			productType = "com.apple.product-type.application";
		};
		8FB769C31ED47DC4004BF989 /* AHFMTests */ = {
			isa = PBXNativeTarget;
			buildConfigurationList = 8FB769DB1ED47DC5004BF989 /* Build configuration list for PBXNativeTarget "AHFMTests" */;
			buildPhases = (
				8FB769C01ED47DC4004BF989 /* Sources */,
				8FB769C11ED47DC4004BF989 /* Frameworks */,
				8FB769C21ED47DC4004BF989 /* Resources */,
			);
			buildRules = (
			);
			dependencies = (
				8FB769C61ED47DC4004BF989 /* PBXTargetDependency */,
			);
			name = AHFMTests;
			productName = AHFMTests;
			productReference = 8FB769C41ED47DC4004BF989 /* AHFMTests.xctest */;
			productType = "com.apple.product-type.bundle.unit-test";
		};
		8FB769CE1ED47DC4004BF989 /* AHFMUITests */ = {
			isa = PBXNativeTarget;
			buildConfigurationList = 8FB769DE1ED47DC5004BF989 /* Build configuration list for PBXNativeTarget "AHFMUITests" */;
			buildPhases = (
				8FB769CB1ED47DC4004BF989 /* Sources */,
				8FB769CC1ED47DC4004BF989 /* Frameworks */,
				8FB769CD1ED47DC4004BF989 /* Resources */,
			);
			buildRules = (
			);
			dependencies = (
				8FB769D11ED47DC4004BF989 /* PBXTargetDependency */,
			);
			name = AHFMUITests;
			productName = AHFMUITests;
			productReference = 8FB769CF1ED47DC4004BF989 /* AHFMUITests.xctest */;
			productType = "com.apple.product-type.bundle.ui-testing";
		};
/* End PBXNativeTarget section */

/* Begin PBXProject section */
		8FB769A51ED47DC4004BF989 /* Project object */ = {
			isa = PBXProject;
			attributes = {
				LastSwiftUpdateCheck = 0830;
				LastUpgradeCheck = 0830;
				ORGANIZATIONNAME = Marilyn;
				TargetAttributes = {
					8FB769AC1ED47DC4004BF989 = {
						CreatedOnToolsVersion = 8.3;
						LastSwiftMigration = 0830;
						ProvisioningStyle = Automatic;
					};
					8FB769C31ED47DC4004BF989 = {
						CreatedOnToolsVersion = 8.3;
						ProvisioningStyle = Automatic;
						TestTargetID = 8FB769AC1ED47DC4004BF989;
					};
					8FB769CE1ED47DC4004BF989 = {
						CreatedOnToolsVersion = 8.3;
						ProvisioningStyle = Automatic;
						TestTargetID = 8FB769AC1ED47DC4004BF989;
					};
				};
			};
			buildConfigurationList = 8FB769A81ED47DC4004BF989 /* Build configuration list for PBXProject "AHFM" */;
			compatibilityVersion = "Xcode 3.2";
			developmentRegion = English;
			hasScannedForEncodings = 0;
			knownRegions = (
				en,
				Base,
			);
			mainGroup = 8FB769A41ED47DC4004BF989;
			productRefGroup = 8FB769AE1ED47DC4004BF989 /* Products */;
			projectDirPath = "";
			projectRoot = "";
			targets = (
				8FB769AC1ED47DC4004BF989 /* AHFM */,
				8FB769C31ED47DC4004BF989 /* AHFMTests */,
				8FB769CE1ED47DC4004BF989 /* AHFMUITests */,
			);
		};
/* End PBXProject section */

/* Begin PBXResourcesBuildPhase section */
		8FB769AB1ED47DC4004BF989 /* Resources */ = {
			isa = PBXResourcesBuildPhase;
			buildActionMask = 2147483647;
			files = (
				8FB769E41ED4A9DC004BF989 /* CalendarAHFM.storyboard in Resources */,
				8FB769BE1ED47DC4004BF989 /* LaunchScreen.storyboard in Resources */,
				8FBBA7E41EDF46AC00A5E59B /* Info.plist in Resources */,
				8FB769BB1ED47DC4004BF989 /* Assets.xcassets in Resources */,
				8FB769B61ED47DC4004BF989 /* Main.storyboard in Resources */,
				8F7111161EDC9C250017FE98 /* Favorites.storyboard in Resources */,
			);
			runOnlyForDeploymentPostprocessing = 0;
		};
		8FB769C21ED47DC4004BF989 /* Resources */ = {
			isa = PBXResourcesBuildPhase;
			buildActionMask = 2147483647;
			files = (
			);
			runOnlyForDeploymentPostprocessing = 0;
		};
		8FB769CD1ED47DC4004BF989 /* Resources */ = {
			isa = PBXResourcesBuildPhase;
			buildActionMask = 2147483647;
			files = (
			);
			runOnlyForDeploymentPostprocessing = 0;
		};
/* End PBXResourcesBuildPhase section */

/* Begin PBXSourcesBuildPhase section */
		8FB769A91ED47DC4004BF989 /* Sources */ = {
			isa = PBXSourcesBuildPhase;
			buildActionMask = 2147483647;
			files = (
				8FBBA7DD1EDF46AC00A5E59B /* FSCalendarDelegationProxy.m in Sources */,
				8FBBA7DC1EDF46AC00A5E59B /* FSCalendarDelegationFactory.m in Sources */,
				8FBBA7DA1EDF46AC00A5E59B /* FSCalendarCollectionViewLayout.m in Sources */,
				8FBBA7DE1EDF46AC00A5E59B /* FSCalendarExtensions.m in Sources */,
				8FB769E61ED4AA91004BF989 /* CalendarViewController.swift in Sources */,
				8FBBA7E31EDF46AC00A5E59B /* FSCalendarWeekdayView.m in Sources */,
				8FBBA7E11EDF46AC00A5E59B /* FSCalendarStickyHeader.m in Sources */,
				8FBBA7D41EDF46AC00A5E59B /* FSCalendar.m in Sources */,
				8FF6A9E81EDDF0F500BAC6EC /* CoreDataStack.swift in Sources */,
				8F7111141EDC7C4E0017FE98 /* SongInfo+AHFM.swift in Sources */,
				8FB769B31ED47DC4004BF989 /* StreamViewController.swift in Sources */,
				8F7111181EDC9CC00017FE98 /* FavoritesTableViewController.swift in Sources */,
				8F044A711EF0E10900239316 /* SongInfo+CoreDataClass.swift in Sources */,
				8FBBA7E21EDF46AC00A5E59B /* FSCalendarTransitionCoordinator.m in Sources */,
				8FBBA7E01EDF46AC00A5E59B /* FSCalendarScopeHandle.m in Sources */,
				8F6F77F21EE9B24700792D86 /* SongCell.swift in Sources */,
				8FB769B91ED47DC4004BF989 /* AHFM.xcdatamodeld in Sources */,
				8FBBA7D61EDF46AC00A5E59B /* FSCalendarAppearance.m in Sources */,
				8FBBA7DF1EDF46AC00A5E59B /* FSCalendarHeaderView.m in Sources */,
				8FBBA7D51EDF46AC00A5E59B /* FSCalendar+Deprecated.m in Sources */,
				8FBBA7D91EDF46AC00A5E59B /* FSCalendarCollectionView.m in Sources */,
				8FB769B11ED47DC4004BF989 /* AppDelegate.swift in Sources */,
				8FBBA7DB1EDF46AC00A5E59B /* FSCalendarConstants.m in Sources */,
				8FEDC7EB1EF0589800739784 /* Parser.swift in Sources */,
				8FBBA7D71EDF46AC00A5E59B /* FSCalendarCalculator.m in Sources */,
				8F044A721EF0E10900239316 /* SongInfo+CoreDataProperties.swift in Sources */,
				8FBBA7D81EDF46AC00A5E59B /* FSCalendarCell.m in Sources */,
			);
			runOnlyForDeploymentPostprocessing = 0;
		};
		8FB769C01ED47DC4004BF989 /* Sources */ = {
			isa = PBXSourcesBuildPhase;
			buildActionMask = 2147483647;
			files = (
				8FB769C91ED47DC4004BF989 /* AHFMTests.swift in Sources */,
			);
			runOnlyForDeploymentPostprocessing = 0;
		};
		8FB769CB1ED47DC4004BF989 /* Sources */ = {
			isa = PBXSourcesBuildPhase;
			buildActionMask = 2147483647;
			files = (
				8FB769D41ED47DC4004BF989 /* AHFMUITests.swift in Sources */,
			);
			runOnlyForDeploymentPostprocessing = 0;
		};
/* End PBXSourcesBuildPhase section */

/* Begin PBXTargetDependency section */
		8FB769C61ED47DC4004BF989 /* PBXTargetDependency */ = {
			isa = PBXTargetDependency;
			target = 8FB769AC1ED47DC4004BF989 /* AHFM */;
			targetProxy = 8FB769C51ED47DC4004BF989 /* PBXContainerItemProxy */;
		};
		8FB769D11ED47DC4004BF989 /* PBXTargetDependency */ = {
			isa = PBXTargetDependency;
			target = 8FB769AC1ED47DC4004BF989 /* AHFM */;
			targetProxy = 8FB769D01ED47DC4004BF989 /* PBXContainerItemProxy */;
		};
/* End PBXTargetDependency section */

/* Begin PBXVariantGroup section */
		8FB769B41ED47DC4004BF989 /* Main.storyboard */ = {
			isa = PBXVariantGroup;
			children = (
				8FB769B51ED47DC4004BF989 /* Base */,
			);
			name = Main.storyboard;
			sourceTree = "<group>";
		};
		8FB769BC1ED47DC4004BF989 /* LaunchScreen.storyboard */ = {
			isa = PBXVariantGroup;
			children = (
				8FB769BD1ED47DC4004BF989 /* Base */,
			);
			name = LaunchScreen.storyboard;
			sourceTree = "<group>";
		};
/* End PBXVariantGroup section */

/* Begin XCBuildConfiguration section */
		8FB769D61ED47DC4004BF989 /* Debug */ = {
			isa = XCBuildConfiguration;
			buildSettings = {
				ALWAYS_SEARCH_USER_PATHS = NO;
				CLANG_ANALYZER_NONNULL = YES;
				CLANG_ANALYZER_NUMBER_OBJECT_CONVERSION = YES_AGGRESSIVE;
				CLANG_CXX_LANGUAGE_STANDARD = "gnu++0x";
				CLANG_CXX_LIBRARY = "libc++";
				CLANG_ENABLE_MODULES = YES;
				CLANG_ENABLE_OBJC_ARC = YES;
				CLANG_WARN_BOOL_CONVERSION = YES;
				CLANG_WARN_CONSTANT_CONVERSION = YES;
				CLANG_WARN_DIRECT_OBJC_ISA_USAGE = YES_ERROR;
				CLANG_WARN_DOCUMENTATION_COMMENTS = YES;
				CLANG_WARN_EMPTY_BODY = YES;
				CLANG_WARN_ENUM_CONVERSION = YES;
				CLANG_WARN_INFINITE_RECURSION = YES;
				CLANG_WARN_INT_CONVERSION = YES;
				CLANG_WARN_OBJC_ROOT_CLASS = YES_ERROR;
				CLANG_WARN_SUSPICIOUS_MOVE = YES;
				CLANG_WARN_UNREACHABLE_CODE = YES;
				CLANG_WARN__DUPLICATE_METHOD_MATCH = YES;
				"CODE_SIGN_IDENTITY[sdk=iphoneos*]" = "iPhone Developer";
				COPY_PHASE_STRIP = NO;
				DEBUG_INFORMATION_FORMAT = dwarf;
				ENABLE_STRICT_OBJC_MSGSEND = YES;
				ENABLE_TESTABILITY = YES;
				GCC_C_LANGUAGE_STANDARD = gnu99;
				GCC_DYNAMIC_NO_PIC = NO;
				GCC_NO_COMMON_BLOCKS = YES;
				GCC_OPTIMIZATION_LEVEL = 0;
				GCC_PREPROCESSOR_DEFINITIONS = (
					"DEBUG=1",
					"$(inherited)",
				);
				GCC_WARN_64_TO_32_BIT_CONVERSION = YES;
				GCC_WARN_ABOUT_RETURN_TYPE = YES_ERROR;
				GCC_WARN_UNDECLARED_SELECTOR = YES;
				GCC_WARN_UNINITIALIZED_AUTOS = YES_AGGRESSIVE;
				GCC_WARN_UNUSED_FUNCTION = YES;
				GCC_WARN_UNUSED_VARIABLE = YES;
				IPHONEOS_DEPLOYMENT_TARGET = 10.3;
				MTL_ENABLE_DEBUG_INFO = YES;
				ONLY_ACTIVE_ARCH = YES;
				SDKROOT = iphoneos;
				SWIFT_ACTIVE_COMPILATION_CONDITIONS = DEBUG;
				SWIFT_OPTIMIZATION_LEVEL = "-Onone";
				TARGETED_DEVICE_FAMILY = "1,2";
			};
			name = Debug;
		};
		8FB769D71ED47DC4004BF989 /* Release */ = {
			isa = XCBuildConfiguration;
			buildSettings = {
				ALWAYS_SEARCH_USER_PATHS = NO;
				CLANG_ANALYZER_NONNULL = YES;
				CLANG_ANALYZER_NUMBER_OBJECT_CONVERSION = YES_AGGRESSIVE;
				CLANG_CXX_LANGUAGE_STANDARD = "gnu++0x";
				CLANG_CXX_LIBRARY = "libc++";
				CLANG_ENABLE_MODULES = YES;
				CLANG_ENABLE_OBJC_ARC = YES;
				CLANG_WARN_BOOL_CONVERSION = YES;
				CLANG_WARN_CONSTANT_CONVERSION = YES;
				CLANG_WARN_DIRECT_OBJC_ISA_USAGE = YES_ERROR;
				CLANG_WARN_DOCUMENTATION_COMMENTS = YES;
				CLANG_WARN_EMPTY_BODY = YES;
				CLANG_WARN_ENUM_CONVERSION = YES;
				CLANG_WARN_INFINITE_RECURSION = YES;
				CLANG_WARN_INT_CONVERSION = YES;
				CLANG_WARN_OBJC_ROOT_CLASS = YES_ERROR;
				CLANG_WARN_SUSPICIOUS_MOVE = YES;
				CLANG_WARN_UNREACHABLE_CODE = YES;
				CLANG_WARN__DUPLICATE_METHOD_MATCH = YES;
				"CODE_SIGN_IDENTITY[sdk=iphoneos*]" = "iPhone Developer";
				COPY_PHASE_STRIP = NO;
				DEBUG_INFORMATION_FORMAT = "dwarf-with-dsym";
				ENABLE_NS_ASSERTIONS = NO;
				ENABLE_STRICT_OBJC_MSGSEND = YES;
				GCC_C_LANGUAGE_STANDARD = gnu99;
				GCC_NO_COMMON_BLOCKS = YES;
				GCC_WARN_64_TO_32_BIT_CONVERSION = YES;
				GCC_WARN_ABOUT_RETURN_TYPE = YES_ERROR;
				GCC_WARN_UNDECLARED_SELECTOR = YES;
				GCC_WARN_UNINITIALIZED_AUTOS = YES_AGGRESSIVE;
				GCC_WARN_UNUSED_FUNCTION = YES;
				GCC_WARN_UNUSED_VARIABLE = YES;
				IPHONEOS_DEPLOYMENT_TARGET = 10.3;
				MTL_ENABLE_DEBUG_INFO = NO;
				SDKROOT = iphoneos;
				SWIFT_OPTIMIZATION_LEVEL = "-Owholemodule";
				TARGETED_DEVICE_FAMILY = "1,2";
				VALIDATE_PRODUCT = YES;
			};
			name = Release;
		};
		8FB769D91ED47DC5004BF989 /* Debug */ = {
			isa = XCBuildConfiguration;
			buildSettings = {
				ASSETCATALOG_COMPILER_APPICON_NAME = AppIcon;
				CLANG_ENABLE_MODULES = YES;
				INFOPLIST_FILE = AHFM/Info.plist;
				IPHONEOS_DEPLOYMENT_TARGET = 10.3;
				LD_RUNPATH_SEARCH_PATHS = "$(inherited) @executable_path/Frameworks";
				PRODUCT_BUNDLE_IDENTIFIER = Marilyn.AHFM;
				PRODUCT_NAME = "$(TARGET_NAME)";
				SWIFT_OBJC_BRIDGING_HEADER = "AHFM/AHFM-Bridging-Header.h";
				SWIFT_OPTIMIZATION_LEVEL = "-Onone";
				SWIFT_VERSION = 3.0;
			};
			name = Debug;
		};
		8FB769DA1ED47DC5004BF989 /* Release */ = {
			isa = XCBuildConfiguration;
			buildSettings = {
				ASSETCATALOG_COMPILER_APPICON_NAME = AppIcon;
				CLANG_ENABLE_MODULES = YES;
				INFOPLIST_FILE = AHFM/Info.plist;
				IPHONEOS_DEPLOYMENT_TARGET = 10.3;
				LD_RUNPATH_SEARCH_PATHS = "$(inherited) @executable_path/Frameworks";
				PRODUCT_BUNDLE_IDENTIFIER = Marilyn.AHFM;
				PRODUCT_NAME = "$(TARGET_NAME)";
				SWIFT_OBJC_BRIDGING_HEADER = "AHFM/AHFM-Bridging-Header.h";
				SWIFT_VERSION = 3.0;
			};
			name = Release;
		};
		8FB769DC1ED47DC5004BF989 /* Debug */ = {
			isa = XCBuildConfiguration;
			buildSettings = {
				ALWAYS_EMBED_SWIFT_STANDARD_LIBRARIES = YES;
				BUNDLE_LOADER = "$(TEST_HOST)";
				INFOPLIST_FILE = AHFMTests/Info.plist;
				LD_RUNPATH_SEARCH_PATHS = "$(inherited) @executable_path/Frameworks @loader_path/Frameworks";
				PRODUCT_BUNDLE_IDENTIFIER = Marilyn.AHFMTests;
				PRODUCT_NAME = "$(TARGET_NAME)";
				SWIFT_VERSION = 3.0;
				TEST_HOST = "$(BUILT_PRODUCTS_DIR)/AHFM.app/AHFM";
			};
			name = Debug;
		};
		8FB769DD1ED47DC5004BF989 /* Release */ = {
			isa = XCBuildConfiguration;
			buildSettings = {
				ALWAYS_EMBED_SWIFT_STANDARD_LIBRARIES = YES;
				BUNDLE_LOADER = "$(TEST_HOST)";
				INFOPLIST_FILE = AHFMTests/Info.plist;
				LD_RUNPATH_SEARCH_PATHS = "$(inherited) @executable_path/Frameworks @loader_path/Frameworks";
				PRODUCT_BUNDLE_IDENTIFIER = Marilyn.AHFMTests;
				PRODUCT_NAME = "$(TARGET_NAME)";
				SWIFT_VERSION = 3.0;
				TEST_HOST = "$(BUILT_PRODUCTS_DIR)/AHFM.app/AHFM";
			};
			name = Release;
		};
		8FB769DF1ED47DC5004BF989 /* Debug */ = {
			isa = XCBuildConfiguration;
			buildSettings = {
				ALWAYS_EMBED_SWIFT_STANDARD_LIBRARIES = YES;
				INFOPLIST_FILE = AHFMUITests/Info.plist;
				LD_RUNPATH_SEARCH_PATHS = "$(inherited) @executable_path/Frameworks @loader_path/Frameworks";
				PRODUCT_BUNDLE_IDENTIFIER = Marilyn.AHFMUITests;
				PRODUCT_NAME = "$(TARGET_NAME)";
				SWIFT_VERSION = 3.0;
				TEST_TARGET_NAME = AHFM;
			};
			name = Debug;
		};
		8FB769E01ED47DC5004BF989 /* Release */ = {
			isa = XCBuildConfiguration;
			buildSettings = {
				ALWAYS_EMBED_SWIFT_STANDARD_LIBRARIES = YES;
				INFOPLIST_FILE = AHFMUITests/Info.plist;
				LD_RUNPATH_SEARCH_PATHS = "$(inherited) @executable_path/Frameworks @loader_path/Frameworks";
				PRODUCT_BUNDLE_IDENTIFIER = Marilyn.AHFMUITests;
				PRODUCT_NAME = "$(TARGET_NAME)";
				SWIFT_VERSION = 3.0;
				TEST_TARGET_NAME = AHFM;
			};
			name = Release;
		};
/* End XCBuildConfiguration section */

/* Begin XCConfigurationList section */
		8FB769A81ED47DC4004BF989 /* Build configuration list for PBXProject "AHFM" */ = {
			isa = XCConfigurationList;
			buildConfigurations = (
				8FB769D61ED47DC4004BF989 /* Debug */,
				8FB769D71ED47DC4004BF989 /* Release */,
			);
			defaultConfigurationIsVisible = 0;
			defaultConfigurationName = Release;
		};
		8FB769D81ED47DC5004BF989 /* Build configuration list for PBXNativeTarget "AHFM" */ = {
			isa = XCConfigurationList;
			buildConfigurations = (
				8FB769D91ED47DC5004BF989 /* Debug */,
				8FB769DA1ED47DC5004BF989 /* Release */,
			);
			defaultConfigurationIsVisible = 0;
			defaultConfigurationName = Release;
		};
		8FB769DB1ED47DC5004BF989 /* Build configuration list for PBXNativeTarget "AHFMTests" */ = {
			isa = XCConfigurationList;
			buildConfigurations = (
				8FB769DC1ED47DC5004BF989 /* Debug */,
				8FB769DD1ED47DC5004BF989 /* Release */,
			);
			defaultConfigurationIsVisible = 0;
			defaultConfigurationName = Release;
		};
		8FB769DE1ED47DC5004BF989 /* Build configuration list for PBXNativeTarget "AHFMUITests" */ = {
			isa = XCConfigurationList;
			buildConfigurations = (
				8FB769DF1ED47DC5004BF989 /* Debug */,
				8FB769E01ED47DC5004BF989 /* Release */,
			);
			defaultConfigurationIsVisible = 0;
			defaultConfigurationName = Release;
		};
/* End XCConfigurationList section */

/* Begin XCVersionGroup section */
		8FB769B71ED47DC4004BF989 /* AHFM.xcdatamodeld */ = {
			isa = XCVersionGroup;
			children = (
				8FB769B81ED47DC4004BF989 /* AHFM.xcdatamodel */,
			);
			currentVersion = 8FB769B81ED47DC4004BF989 /* AHFM.xcdatamodel */;
			path = AHFM.xcdatamodeld;
			sourceTree = "<group>";
			versionGroupType = wrapper.xcdatamodel;
		};
/* End XCVersionGroup section */
	};
	rootObject = 8FB769A51ED47DC4004BF989 /* Project object */;
}
